packages:
  - name: dbt_utils
    package: dbt-labs/dbt_utils
    version: 1.3.0
  - git: https://github.com/dbt-labs/dbt-codegen.git
    name: codegen
    revision: 314908f79909898d79f39d5b3551d6ead05ddbb7
  - name: dbt_expectations
    package: calogica/dbt_expectations
    version: 0.10.4
  - name: dbt_date
    package: calogica/dbt_date
    version: 0.10.1
sha1_hash: 4a026db0978c73a0914d269f3a7c9c63f993ac9c
